
Microsoft Visual Studio Solution File, Format Version 12.00
# Visual Studio Version 16
VisualStudioVersion = 16.0.30011.22
MinimumVisualStudioVersion = 10.0.40219.1
Project("{9A19103F-16F7-4668-BE54-9A1E7A4F7556}") = "Lab1", "Lab1\Lab1.csproj", "{159CF1B4-A936-4F55-9616-20D3695CFDCF}"
EndProject
Project("{9A19103F-16F7-4668-BE54-9A1E7A4F7556}") = "Lab2_1", "Lab2_1\Lab2_1.csproj", "{446B3983-B255-4BB8-B082-DF5B2BC08C4A}"
EndProject
Project("{9A19103F-16F7-4668-BE54-9A1E7A4F7556}") = "Lab2_2", "Lab2_2\Lab2_2.csproj", "{3430A384-8590-4D9B-B51A-AB1B4B0E288B}"
EndProject
Project("{9A19103F-16F7-4668-BE54-9A1E7A4F7556}") = "Lab3_1", "Lab3_1\Lab3_1.csproj", "{743D13AD-E142-43A9-A810-6B4BA79122FB}"
EndProject
Project("{9A19103F-16F7-4668-BE54-9A1E7A4F7556}") = "Lab4_1", "Lab4_1\Lab4_1.csproj", "{AB4C705A-BC78-4870-B147-3C7AC1587D6C}"
EndProject
Project("{9A19103F-16F7-4668-BE54-9A1E7A4F7556}") = "Lab3_2", "Lab3_2\Lab3_2.csproj", "{DAE59EE9-52C5-4721-8BFF-FBAAC66ACFCF}"
EndProject
Project("{9A19103F-16F7-4668-BE54-9A1E7A4F7556}") = "Lab7", "Lab7\Lab7.csproj", "{29CCD5CF-CC87-4D6D-9B82-9E0544619D38}"
EndProject
Project("{9A19103F-16F7-4668-BE54-9A1E7A4F7556}") = "Lab8", "Lab8\Lab8.csproj", "{9C7CDE8A-0419-4CA5-AE4F-19D370357722}"
EndProject
Project("{FAE04EC0-301F-11D3-BF4B-00C04F79EFBC}") = "Lab4_2", "Lab4_2\Lab4_2.csproj", "{DB6534AB-CB88-4C23-82A6-45F372598A22}"
EndProject
Project("{FAE04EC0-301F-11D3-BF4B-00C04F79EFBC}") = "Lab5", "Lab5\Lab5.csproj", "{2BBC9AEC-48C6-4937-BB0D-EF297F5A0CA4}"
EndProject
Global
	GlobalSection(SolutionConfigurationPlatforms) = preSolution
		Debug|Any CPU = Debug|Any CPU
		Release|Any CPU = Release|Any CPU
	EndGlobalSection
	GlobalSection(ProjectConfigurationPlatforms) = postSolution
		{159CF1B4-A936-4F55-9616-20D3695CFDCF}.Debug|Any CPU.ActiveCfg = Debug|Any CPU
		{159CF1B4-A936-4F55-9616-20D3695CFDCF}.Debug|Any CPU.Build.0 = Debug|Any CPU
		{159CF1B4-A936-4F55-9616-20D3695CFDCF}.Release|Any CPU.ActiveCfg = Release|Any CPU
		{159CF1B4-A936-4F55-9616-20D3695CFDCF}.Release|Any CPU.Build.0 = Release|Any CPU
		{446B3983-B255-4BB8-B082-DF5B2BC08C4A}.Debug|Any CPU.ActiveCfg = Debug|Any CPU
		{446B3983-B255-4BB8-B082-DF5B2BC08C4A}.Debug|Any CPU.Build.0 = Debug|Any CPU
		{446B3983-B255-4BB8-B082-DF5B2BC08C4A}.Release|Any CPU.ActiveCfg = Release|Any CPU
		{446B3983-B255-4BB8-B082-DF5B2BC08C4A}.Release|Any CPU.Build.0 = Release|Any CPU
		{3430A384-8590-4D9B-B51A-AB1B4B0E288B}.Debug|Any CPU.ActiveCfg = Debug|Any CPU
		{3430A384-8590-4D9B-B51A-AB1B4B0E288B}.Debug|Any CPU.Build.0 = Debug|Any CPU
		{3430A384-8590-4D9B-B51A-AB1B4B0E288B}.Release|Any CPU.ActiveCfg = Release|Any CPU
		{3430A384-8590-4D9B-B51A-AB1B4B0E288B}.Release|Any CPU.Build.0 = Release|Any CPU
		{743D13AD-E142-43A9-A810-6B4BA79122FB}.Debug|Any CPU.ActiveCfg = Debug|Any CPU
		{743D13AD-E142-43A9-A810-6B4BA79122FB}.Debug|Any CPU.Build.0 = Debug|Any CPU
		{743D13AD-E142-43A9-A810-6B4BA79122FB}.Release|Any CPU.ActiveCfg = Release|Any CPU
		{743D13AD-E142-43A9-A810-6B4BA79122FB}.Release|Any CPU.Build.0 = Release|Any CPU
		{AB4C705A-BC78-4870-B147-3C7AC1587D6C}.Debug|Any CPU.ActiveCfg = Debug|Any CPU
		{AB4C705A-BC78-4870-B147-3C7AC1587D6C}.Debug|Any CPU.Build.0 = Debug|Any CPU
		{AB4C705A-BC78-4870-B147-3C7AC1587D6C}.Release|Any CPU.ActiveCfg = Release|Any CPU
		{AB4C705A-BC78-4870-B147-3C7AC1587D6C}.Release|Any CPU.Build.0 = Release|Any CPU
		{DAE59EE9-52C5-4721-8BFF-FBAAC66ACFCF}.Debug|Any CPU.ActiveCfg = Debug|Any CPU
		{DAE59EE9-52C5-4721-8BFF-FBAAC66ACFCF}.Debug|Any CPU.Build.0 = Debug|Any CPU
		{DAE59EE9-52C5-4721-8BFF-FBAAC66ACFCF}.Release|Any CPU.ActiveCfg = Release|Any CPU
		{DAE59EE9-52C5-4721-8BFF-FBAAC66ACFCF}.Release|Any CPU.Build.0 = Release|Any CPU
		{29CCD5CF-CC87-4D6D-9B82-9E0544619D38}.Debug|Any CPU.ActiveCfg = Debug|Any CPU
		{29CCD5CF-CC87-4D6D-9B82-9E0544619D38}.Debug|Any CPU.Build.0 = Debug|Any CPU
		{29CCD5CF-CC87-4D6D-9B82-9E0544619D38}.Release|Any CPU.ActiveCfg = Release|Any CPU
		{29CCD5CF-CC87-4D6D-9B82-9E0544619D38}.Release|Any CPU.Build.0 = Release|Any CPU
		{9C7CDE8A-0419-4CA5-AE4F-19D370357722}.Debug|Any CPU.ActiveCfg = Debug|Any CPU
		{9C7CDE8A-0419-4CA5-AE4F-19D370357722}.Debug|Any CPU.Build.0 = Debug|Any CPU
		{9C7CDE8A-0419-4CA5-AE4F-19D370357722}.Release|Any CPU.ActiveCfg = Release|Any CPU
		{9C7CDE8A-0419-4CA5-AE4F-19D370357722}.Release|Any CPU.Build.0 = Release|Any CPU
		{DB6534AB-CB88-4C23-82A6-45F372598A22}.Debug|Any CPU.ActiveCfg = Debug|Any CPU
		{DB6534AB-CB88-4C23-82A6-45F372598A22}.Debug|Any CPU.Build.0 = Debug|Any CPU
		{DB6534AB-CB88-4C23-82A6-45F372598A22}.Release|Any CPU.ActiveCfg = Release|Any CPU
		{DB6534AB-CB88-4C23-82A6-45F372598A22}.Release|Any CPU.Build.0 = Release|Any CPU
		{2BBC9AEC-48C6-4937-BB0D-EF297F5A0CA4}.Debug|Any CPU.ActiveCfg = Debug|Any CPU
		{2BBC9AEC-48C6-4937-BB0D-EF297F5A0CA4}.Debug|Any CPU.Build.0 = Debug|Any CPU
		{2BBC9AEC-48C6-4937-BB0D-EF297F5A0CA4}.Release|Any CPU.ActiveCfg = Release|Any CPU
		{2BBC9AEC-48C6-4937-BB0D-EF297F5A0CA4}.Release|Any CPU.Build.0 = Release|Any CPU
	EndGlobalSection
	GlobalSection(SolutionProperties) = preSolution
		HideSolutionNode = FALSE
	EndGlobalSection
	GlobalSection(ExtensibilityGlobals) = postSolution
		SolutionGuid = {1EDEA216-641C-4631-8B5E-4D84C1F2EA74}
	EndGlobalSection
EndGlobal
