
Microsoft Visual Studio Solution File, Format Version 12.00
# Visual Studio Version 16
VisualStudioVersion = 16.0.30011.22
MinimumVisualStudioVersion = 10.0.40219.1
Project("{FAE04EC0-301F-11D3-BF4B-00C04F79EFBC}") = "Lab1", "Lab1\Lab1.csproj", "{159CF1B4-A936-4F55-9616-20D3695CFDCF}"
EndProject
Project("{FAE04EC0-301F-11D3-BF4B-00C04F79EFBC}") = "Lab2_1", "Lab2_1\Lab2_1.csproj", "{446B3983-B255-4BB8-B082-DF5B2BC08C4A}"
EndProject
Global
	GlobalSection(SolutionConfigurationPlatforms) = preSolution
		Debug|Any CPU = Debug|Any CPU
		Release|Any CPU = Release|Any CPU
	EndGlobalSection
	GlobalSection(ProjectConfigurationPlatforms) = postSolution
		{159CF1B4-A936-4F55-9616-20D3695CFDCF}.Debug|Any CPU.ActiveCfg = Debug|Any CPU
		{159CF1B4-A936-4F55-9616-20D3695CFDCF}.Debug|Any CPU.Build.0 = Debug|Any CPU
		{159CF1B4-A936-4F55-9616-20D3695CFDCF}.Release|Any CPU.ActiveCfg = Release|Any CPU
		{159CF1B4-A936-4F55-9616-20D3695CFDCF}.Release|Any CPU.Build.0 = Release|Any CPU
		{446B3983-B255-4BB8-B082-DF5B2BC08C4A}.Debug|Any CPU.ActiveCfg = Debug|Any CPU
		{446B3983-B255-4BB8-B082-DF5B2BC08C4A}.Debug|Any CPU.Build.0 = Debug|Any CPU
		{446B3983-B255-4BB8-B082-DF5B2BC08C4A}.Release|Any CPU.ActiveCfg = Release|Any CPU
		{446B3983-B255-4BB8-B082-DF5B2BC08C4A}.Release|Any CPU.Build.0 = Release|Any CPU
	EndGlobalSection
	GlobalSection(SolutionProperties) = preSolution
		HideSolutionNode = FALSE
	EndGlobalSection
	GlobalSection(ExtensibilityGlobals) = postSolution
		SolutionGuid = {1EDEA216-641C-4631-8B5E-4D84C1F2EA74}
	EndGlobalSection
EndGlobal
